
Microsoft Visual Studio Solution File, Format Version 12.00
# Visual Studio Version 16
VisualStudioVersion = 16.0.30611.23
MinimumVisualStudioVersion = 10.0.40219.1
Project("{FAE04EC0-301F-11D3-BF4B-00C04F79EFBC}") = "SourceApp.Mobile", "SourceApp.Mobile\SourceApp.Mobile\SourceApp.Mobile.csproj", "{BC449310-3954-4A7D-913C-F1B7532FB9B2}"
EndProject
Project("{FAE04EC0-301F-11D3-BF4B-00C04F79EFBC}") = "SourceApp.Mobile.Android", "SourceApp.Mobile\SourceApp.Mobile.Android\SourceApp.Mobile.Android.csproj", "{429AA3CB-AC4E-49DC-9E1D-A4CBFE2A3EB9}"
EndProject
Project("{FAE04EC0-301F-11D3-BF4B-00C04F79EFBC}") = "SourceApp.Mobile.iOS", "SourceApp.Mobile\SourceApp.Mobile.iOS\SourceApp.Mobile.iOS.csproj", "{3F130C85-E816-4B09-80F0-04CD43E22A2E}"
EndProject
Project("{FAE04EC0-301F-11D3-BF4B-00C04F79EFBC}") = "SourceApp.Mobile.UWP", "SourceApp.Mobile\SourceApp.Mobile.UWP\SourceApp.Mobile.UWP.csproj", "{2E631560-BC7E-4FAC-8E74-FEFCAD39F99D}"
EndProject
Global
	GlobalSection(SolutionConfigurationPlatforms) = preSolution
		Ad-Hoc|Any CPU = Ad-Hoc|Any CPU
		Ad-Hoc|ARM = Ad-Hoc|ARM
		Ad-Hoc|iPhone = Ad-Hoc|iPhone
		Ad-Hoc|iPhoneSimulator = Ad-Hoc|iPhoneSimulator
		Ad-Hoc|x64 = Ad-Hoc|x64
		Ad-Hoc|x86 = Ad-Hoc|x86
		AppStore|Any CPU = AppStore|Any CPU
		AppStore|ARM = AppStore|ARM
		AppStore|iPhone = AppStore|iPhone
		AppStore|iPhoneSimulator = AppStore|iPhoneSimulator
		AppStore|x64 = AppStore|x64
		AppStore|x86 = AppStore|x86
		Debug|Any CPU = Debug|Any CPU
		Debug|ARM = Debug|ARM
		Debug|iPhone = Debug|iPhone
		Debug|iPhoneSimulator = Debug|iPhoneSimulator
		Debug|x64 = Debug|x64
		Debug|x86 = Debug|x86
		Release|Any CPU = Release|Any CPU
		Release|ARM = Release|ARM
		Release|iPhone = Release|iPhone
		Release|iPhoneSimulator = Release|iPhoneSimulator
		Release|x64 = Release|x64
		Release|x86 = Release|x86
	EndGlobalSection
	GlobalSection(ProjectConfigurationPlatforms) = postSolution
		{BC449310-3954-4A7D-913C-F1B7532FB9B2}.Ad-Hoc|Any CPU.ActiveCfg = Release|Any CPU
		{BC449310-3954-4A7D-913C-F1B7532FB9B2}.Ad-Hoc|Any CPU.Build.0 = Release|Any CPU
		{BC449310-3954-4A7D-913C-F1B7532FB9B2}.Ad-Hoc|ARM.ActiveCfg = Release|Any CPU
		{BC449310-3954-4A7D-913C-F1B7532FB9B2}.Ad-Hoc|ARM.Build.0 = Release|Any CPU
		{BC449310-3954-4A7D-913C-F1B7532FB9B2}.Ad-Hoc|iPhone.ActiveCfg = Release|Any CPU
		{BC449310-3954-4A7D-913C-F1B7532FB9B2}.Ad-Hoc|iPhone.Build.0 = Release|Any CPU
		{BC449310-3954-4A7D-913C-F1B7532FB9B2}.Ad-Hoc|iPhoneSimulator.ActiveCfg = Release|Any CPU
		{BC449310-3954-4A7D-913C-F1B7532FB9B2}.Ad-Hoc|iPhoneSimulator.Build.0 = Release|Any CPU
		{BC449310-3954-4A7D-913C-F1B7532FB9B2}.Ad-Hoc|x64.ActiveCfg = Release|Any CPU
		{BC449310-3954-4A7D-913C-F1B7532FB9B2}.Ad-Hoc|x64.Build.0 = Release|Any CPU
		{BC449310-3954-4A7D-913C-F1B7532FB9B2}.Ad-Hoc|x86.ActiveCfg = Release|Any CPU
		{BC449310-3954-4A7D-913C-F1B7532FB9B2}.Ad-Hoc|x86.Build.0 = Release|Any CPU
		{BC449310-3954-4A7D-913C-F1B7532FB9B2}.AppStore|Any CPU.ActiveCfg = Release|Any CPU
		{BC449310-3954-4A7D-913C-F1B7532FB9B2}.AppStore|Any CPU.Build.0 = Release|Any CPU
		{BC449310-3954-4A7D-913C-F1B7532FB9B2}.AppStore|ARM.ActiveCfg = Release|Any CPU
		{BC449310-3954-4A7D-913C-F1B7532FB9B2}.AppStore|ARM.Build.0 = Release|Any CPU
		{BC449310-3954-4A7D-913C-F1B7532FB9B2}.AppStore|iPhone.ActiveCfg = Release|Any CPU
		{BC449310-3954-4A7D-913C-F1B7532FB9B2}.AppStore|iPhone.Build.0 = Release|Any CPU
		{BC449310-3954-4A7D-913C-F1B7532FB9B2}.AppStore|iPhoneSimulator.ActiveCfg = Release|Any CPU
		{BC449310-3954-4A7D-913C-F1B7532FB9B2}.AppStore|iPhoneSimulator.Build.0 = Release|Any CPU
		{BC449310-3954-4A7D-913C-F1B7532FB9B2}.AppStore|x64.ActiveCfg = Release|Any CPU
		{BC449310-3954-4A7D-913C-F1B7532FB9B2}.AppStore|x64.Build.0 = Release|Any CPU
		{BC449310-3954-4A7D-913C-F1B7532FB9B2}.AppStore|x86.ActiveCfg = Release|Any CPU
		{BC449310-3954-4A7D-913C-F1B7532FB9B2}.AppStore|x86.Build.0 = Release|Any CPU
		{BC449310-3954-4A7D-913C-F1B7532FB9B2}.Debug|Any CPU.ActiveCfg = Debug|Any CPU
		{BC449310-3954-4A7D-913C-F1B7532FB9B2}.Debug|Any CPU.Build.0 = Debug|Any CPU
		{BC449310-3954-4A7D-913C-F1B7532FB9B2}.Debug|ARM.ActiveCfg = Debug|Any CPU
		{BC449310-3954-4A7D-913C-F1B7532FB9B2}.Debug|ARM.Build.0 = Debug|Any CPU
		{BC449310-3954-4A7D-913C-F1B7532FB9B2}.Debug|iPhone.ActiveCfg = Debug|Any CPU
		{BC449310-3954-4A7D-913C-F1B7532FB9B2}.Debug|iPhone.Build.0 = Debug|Any CPU
		{BC449310-3954-4A7D-913C-F1B7532FB9B2}.Debug|iPhoneSimulator.ActiveCfg = Debug|Any CPU
		{BC449310-3954-4A7D-913C-F1B7532FB9B2}.Debug|iPhoneSimulator.Build.0 = Debug|Any CPU
		{BC449310-3954-4A7D-913C-F1B7532FB9B2}.Debug|x64.ActiveCfg = Debug|Any CPU
		{BC449310-3954-4A7D-913C-F1B7532FB9B2}.Debug|x64.Build.0 = Debug|Any CPU
		{BC449310-3954-4A7D-913C-F1B7532FB9B2}.Debug|x86.ActiveCfg = Debug|Any CPU
		{BC449310-3954-4A7D-913C-F1B7532FB9B2}.Debug|x86.Build.0 = Debug|Any CPU
		{BC449310-3954-4A7D-913C-F1B7532FB9B2}.Release|Any CPU.ActiveCfg = Release|Any CPU
		{BC449310-3954-4A7D-913C-F1B7532FB9B2}.Release|Any CPU.Build.0 = Release|Any CPU
		{BC449310-3954-4A7D-913C-F1B7532FB9B2}.Release|ARM.ActiveCfg = Release|Any CPU
		{BC449310-3954-4A7D-913C-F1B7532FB9B2}.Release|ARM.Build.0 = Release|Any CPU
		{BC449310-3954-4A7D-913C-F1B7532FB9B2}.Release|iPhone.ActiveCfg = Release|Any CPU
		{BC449310-3954-4A7D-913C-F1B7532FB9B2}.Release|iPhone.Build.0 = Release|Any CPU
		{BC449310-3954-4A7D-913C-F1B7532FB9B2}.Release|iPhoneSimulator.ActiveCfg = Release|Any CPU
		{BC449310-3954-4A7D-913C-F1B7532FB9B2}.Release|iPhoneSimulator.Build.0 = Release|Any CPU
		{BC449310-3954-4A7D-913C-F1B7532FB9B2}.Release|x64.ActiveCfg = Release|Any CPU
		{BC449310-3954-4A7D-913C-F1B7532FB9B2}.Release|x64.Build.0 = Release|Any CPU
		{BC449310-3954-4A7D-913C-F1B7532FB9B2}.Release|x86.ActiveCfg = Release|Any CPU
		{BC449310-3954-4A7D-913C-F1B7532FB9B2}.Release|x86.Build.0 = Release|Any CPU
		{429AA3CB-AC4E-49DC-9E1D-A4CBFE2A3EB9}.Ad-Hoc|Any CPU.ActiveCfg = Debug|Any CPU
		{429AA3CB-AC4E-49DC-9E1D-A4CBFE2A3EB9}.Ad-Hoc|Any CPU.Build.0 = Debug|Any CPU
		{429AA3CB-AC4E-49DC-9E1D-A4CBFE2A3EB9}.Ad-Hoc|Any CPU.Deploy.0 = Debug|Any CPU
		{429AA3CB-AC4E-49DC-9E1D-A4CBFE2A3EB9}.Ad-Hoc|ARM.ActiveCfg = Debug|Any CPU
		{429AA3CB-AC4E-49DC-9E1D-A4CBFE2A3EB9}.Ad-Hoc|ARM.Build.0 = Debug|Any CPU
		{429AA3CB-AC4E-49DC-9E1D-A4CBFE2A3EB9}.Ad-Hoc|ARM.Deploy.0 = Debug|Any CPU
		{429AA3CB-AC4E-49DC-9E1D-A4CBFE2A3EB9}.Ad-Hoc|iPhone.ActiveCfg = Debug|Any CPU
		{429AA3CB-AC4E-49DC-9E1D-A4CBFE2A3EB9}.Ad-Hoc|iPhone.Build.0 = Debug|Any CPU
		{429AA3CB-AC4E-49DC-9E1D-A4CBFE2A3EB9}.Ad-Hoc|iPhone.Deploy.0 = Debug|Any CPU
		{429AA3CB-AC4E-49DC-9E1D-A4CBFE2A3EB9}.Ad-Hoc|iPhoneSimulator.ActiveCfg = Debug|Any CPU
		{429AA3CB-AC4E-49DC-9E1D-A4CBFE2A3EB9}.Ad-Hoc|iPhoneSimulator.Build.0 = Debug|Any CPU
		{429AA3CB-AC4E-49DC-9E1D-A4CBFE2A3EB9}.Ad-Hoc|iPhoneSimulator.Deploy.0 = Debug|Any CPU
		{429AA3CB-AC4E-49DC-9E1D-A4CBFE2A3EB9}.Ad-Hoc|x64.ActiveCfg = Debug|Any CPU
		{429AA3CB-AC4E-49DC-9E1D-A4CBFE2A3EB9}.Ad-Hoc|x64.Build.0 = Debug|Any CPU
		{429AA3CB-AC4E-49DC-9E1D-A4CBFE2A3EB9}.Ad-Hoc|x64.Deploy.0 = Debug|Any CPU
		{429AA3CB-AC4E-49DC-9E1D-A4CBFE2A3EB9}.Ad-Hoc|x86.ActiveCfg = Debug|Any CPU
		{429AA3CB-AC4E-49DC-9E1D-A4CBFE2A3EB9}.Ad-Hoc|x86.Build.0 = Debug|Any CPU
		{429AA3CB-AC4E-49DC-9E1D-A4CBFE2A3EB9}.Ad-Hoc|x86.Deploy.0 = Debug|Any CPU
		{429AA3CB-AC4E-49DC-9E1D-A4CBFE2A3EB9}.AppStore|Any CPU.ActiveCfg = Debug|Any CPU
		{429AA3CB-AC4E-49DC-9E1D-A4CBFE2A3EB9}.AppStore|Any CPU.Build.0 = Debug|Any CPU
		{429AA3CB-AC4E-49DC-9E1D-A4CBFE2A3EB9}.AppStore|Any CPU.Deploy.0 = Debug|Any CPU
		{429AA3CB-AC4E-49DC-9E1D-A4CBFE2A3EB9}.AppStore|ARM.ActiveCfg = Debug|Any CPU
		{429AA3CB-AC4E-49DC-9E1D-A4CBFE2A3EB9}.AppStore|ARM.Build.0 = Debug|Any CPU
		{429AA3CB-AC4E-49DC-9E1D-A4CBFE2A3EB9}.AppStore|ARM.Deploy.0 = Debug|Any CPU
		{429AA3CB-AC4E-49DC-9E1D-A4CBFE2A3EB9}.AppStore|iPhone.ActiveCfg = Debug|Any CPU
		{429AA3CB-AC4E-49DC-9E1D-A4CBFE2A3EB9}.AppStore|iPhone.Build.0 = Debug|Any CPU
		{429AA3CB-AC4E-49DC-9E1D-A4CBFE2A3EB9}.AppStore|iPhone.Deploy.0 = Debug|Any CPU
		{429AA3CB-AC4E-49DC-9E1D-A4CBFE2A3EB9}.AppStore|iPhoneSimulator.ActiveCfg = Debug|Any CPU
		{429AA3CB-AC4E-49DC-9E1D-A4CBFE2A3EB9}.AppStore|iPhoneSimulator.Build.0 = Debug|Any CPU
		{429AA3CB-AC4E-49DC-9E1D-A4CBFE2A3EB9}.AppStore|iPhoneSimulator.Deploy.0 = Debug|Any CPU
		{429AA3CB-AC4E-49DC-9E1D-A4CBFE2A3EB9}.AppStore|x64.ActiveCfg = Debug|Any CPU
		{429AA3CB-AC4E-49DC-9E1D-A4CBFE2A3EB9}.AppStore|x64.Build.0 = Debug|Any CPU
		{429AA3CB-AC4E-49DC-9E1D-A4CBFE2A3EB9}.AppStore|x64.Deploy.0 = Debug|Any CPU
		{429AA3CB-AC4E-49DC-9E1D-A4CBFE2A3EB9}.AppStore|x86.ActiveCfg = Debug|Any CPU
		{429AA3CB-AC4E-49DC-9E1D-A4CBFE2A3EB9}.AppStore|x86.Build.0 = Debug|Any CPU
		{429AA3CB-AC4E-49DC-9E1D-A4CBFE2A3EB9}.AppStore|x86.Deploy.0 = Debug|Any CPU
		{429AA3CB-AC4E-49DC-9E1D-A4CBFE2A3EB9}.Debug|Any CPU.ActiveCfg = Debug|Any CPU
		{429AA3CB-AC4E-49DC-9E1D-A4CBFE2A3EB9}.Debug|Any CPU.Build.0 = Debug|Any CPU
		{429AA3CB-AC4E-49DC-9E1D-A4CBFE2A3EB9}.Debug|Any CPU.Deploy.0 = Debug|Any CPU
		{429AA3CB-AC4E-49DC-9E1D-A4CBFE2A3EB9}.Debug|ARM.ActiveCfg = Debug|Any CPU
		{429AA3CB-AC4E-49DC-9E1D-A4CBFE2A3EB9}.Debug|ARM.Build.0 = Debug|Any CPU
		{429AA3CB-AC4E-49DC-9E1D-A4CBFE2A3EB9}.Debug|ARM.Deploy.0 = Debug|Any CPU
		{429AA3CB-AC4E-49DC-9E1D-A4CBFE2A3EB9}.Debug|iPhone.ActiveCfg = Debug|Any CPU
		{429AA3CB-AC4E-49DC-9E1D-A4CBFE2A3EB9}.Debug|iPhone.Build.0 = Debug|Any CPU
		{429AA3CB-AC4E-49DC-9E1D-A4CBFE2A3EB9}.Debug|iPhone.Deploy.0 = Debug|Any CPU
		{429AA3CB-AC4E-49DC-9E1D-A4CBFE2A3EB9}.Debug|iPhoneSimulator.ActiveCfg = Debug|Any CPU
		{429AA3CB-AC4E-49DC-9E1D-A4CBFE2A3EB9}.Debug|iPhoneSimulator.Build.0 = Debug|Any CPU
		{429AA3CB-AC4E-49DC-9E1D-A4CBFE2A3EB9}.Debug|iPhoneSimulator.Deploy.0 = Debug|Any CPU
		{429AA3CB-AC4E-49DC-9E1D-A4CBFE2A3EB9}.Debug|x64.ActiveCfg = Debug|Any CPU
		{429AA3CB-AC4E-49DC-9E1D-A4CBFE2A3EB9}.Debug|x64.Build.0 = Debug|Any CPU
		{429AA3CB-AC4E-49DC-9E1D-A4CBFE2A3EB9}.Debug|x64.Deploy.0 = Debug|Any CPU
		{429AA3CB-AC4E-49DC-9E1D-A4CBFE2A3EB9}.Debug|x86.ActiveCfg = Debug|Any CPU
		{429AA3CB-AC4E-49DC-9E1D-A4CBFE2A3EB9}.Debug|x86.Build.0 = Debug|Any CPU
		{429AA3CB-AC4E-49DC-9E1D-A4CBFE2A3EB9}.Debug|x86.Deploy.0 = Debug|Any CPU
		{429AA3CB-AC4E-49DC-9E1D-A4CBFE2A3EB9}.Release|Any CPU.ActiveCfg = Release|Any CPU
		{429AA3CB-AC4E-49DC-9E1D-A4CBFE2A3EB9}.Release|Any CPU.Build.0 = Release|Any CPU
		{429AA3CB-AC4E-49DC-9E1D-A4CBFE2A3EB9}.Release|Any CPU.Deploy.0 = Release|Any CPU
		{429AA3CB-AC4E-49DC-9E1D-A4CBFE2A3EB9}.Release|ARM.ActiveCfg = Release|Any CPU
		{429AA3CB-AC4E-49DC-9E1D-A4CBFE2A3EB9}.Release|ARM.Build.0 = Release|Any CPU
		{429AA3CB-AC4E-49DC-9E1D-A4CBFE2A3EB9}.Release|ARM.Deploy.0 = Release|Any CPU
		{429AA3CB-AC4E-49DC-9E1D-A4CBFE2A3EB9}.Release|iPhone.ActiveCfg = Release|Any CPU
		{429AA3CB-AC4E-49DC-9E1D-A4CBFE2A3EB9}.Release|iPhone.Build.0 = Release|Any CPU
		{429AA3CB-AC4E-49DC-9E1D-A4CBFE2A3EB9}.Release|iPhone.Deploy.0 = Release|Any CPU
		{429AA3CB-AC4E-49DC-9E1D-A4CBFE2A3EB9}.Release|iPhoneSimulator.ActiveCfg = Release|Any CPU
		{429AA3CB-AC4E-49DC-9E1D-A4CBFE2A3EB9}.Release|iPhoneSimulator.Build.0 = Release|Any CPU
		{429AA3CB-AC4E-49DC-9E1D-A4CBFE2A3EB9}.Release|iPhoneSimulator.Deploy.0 = Release|Any CPU
		{429AA3CB-AC4E-49DC-9E1D-A4CBFE2A3EB9}.Release|x64.ActiveCfg = Release|Any CPU
		{429AA3CB-AC4E-49DC-9E1D-A4CBFE2A3EB9}.Release|x64.Build.0 = Release|Any CPU
		{429AA3CB-AC4E-49DC-9E1D-A4CBFE2A3EB9}.Release|x64.Deploy.0 = Release|Any CPU
		{429AA3CB-AC4E-49DC-9E1D-A4CBFE2A3EB9}.Release|x86.ActiveCfg = Release|Any CPU
		{429AA3CB-AC4E-49DC-9E1D-A4CBFE2A3EB9}.Release|x86.Build.0 = Release|Any CPU
		{429AA3CB-AC4E-49DC-9E1D-A4CBFE2A3EB9}.Release|x86.Deploy.0 = Release|Any CPU
		{3F130C85-E816-4B09-80F0-04CD43E22A2E}.Ad-Hoc|Any CPU.ActiveCfg = Ad-Hoc|iPhoneSimulator
		{3F130C85-E816-4B09-80F0-04CD43E22A2E}.Ad-Hoc|ARM.ActiveCfg = Ad-Hoc|iPhoneSimulator
		{3F130C85-E816-4B09-80F0-04CD43E22A2E}.Ad-Hoc|iPhone.ActiveCfg = Ad-Hoc|iPhone
		{3F130C85-E816-4B09-80F0-04CD43E22A2E}.Ad-Hoc|iPhone.Build.0 = Ad-Hoc|iPhone
		{3F130C85-E816-4B09-80F0-04CD43E22A2E}.Ad-Hoc|iPhoneSimulator.ActiveCfg = Ad-Hoc|iPhoneSimulator
		{3F130C85-E816-4B09-80F0-04CD43E22A2E}.Ad-Hoc|iPhoneSimulator.Build.0 = Ad-Hoc|iPhoneSimulator
		{3F130C85-E816-4B09-80F0-04CD43E22A2E}.Ad-Hoc|x64.ActiveCfg = Ad-Hoc|iPhoneSimulator
		{3F130C85-E816-4B09-80F0-04CD43E22A2E}.Ad-Hoc|x86.ActiveCfg = Ad-Hoc|iPhoneSimulator
		{3F130C85-E816-4B09-80F0-04CD43E22A2E}.AppStore|Any CPU.ActiveCfg = AppStore|iPhoneSimulator
		{3F130C85-E816-4B09-80F0-04CD43E22A2E}.AppStore|ARM.ActiveCfg = AppStore|iPhoneSimulator
		{3F130C85-E816-4B09-80F0-04CD43E22A2E}.AppStore|iPhone.ActiveCfg = AppStore|iPhone
		{3F130C85-E816-4B09-80F0-04CD43E22A2E}.AppStore|iPhone.Build.0 = AppStore|iPhone
		{3F130C85-E816-4B09-80F0-04CD43E22A2E}.AppStore|iPhoneSimulator.ActiveCfg = AppStore|iPhoneSimulator
		{3F130C85-E816-4B09-80F0-04CD43E22A2E}.AppStore|iPhoneSimulator.Build.0 = AppStore|iPhoneSimulator
		{3F130C85-E816-4B09-80F0-04CD43E22A2E}.AppStore|x64.ActiveCfg = AppStore|iPhoneSimulator
		{3F130C85-E816-4B09-80F0-04CD43E22A2E}.AppStore|x86.ActiveCfg = AppStore|iPhoneSimulator
		{3F130C85-E816-4B09-80F0-04CD43E22A2E}.Debug|Any CPU.ActiveCfg = Debug|iPhoneSimulator
		{3F130C85-E816-4B09-80F0-04CD43E22A2E}.Debug|ARM.ActiveCfg = Debug|iPhoneSimulator
		{3F130C85-E816-4B09-80F0-04CD43E22A2E}.Debug|iPhone.ActiveCfg = Debug|iPhone
		{3F130C85-E816-4B09-80F0-04CD43E22A2E}.Debug|iPhone.Build.0 = Debug|iPhone
		{3F130C85-E816-4B09-80F0-04CD43E22A2E}.Debug|iPhoneSimulator.ActiveCfg = Debug|iPhoneSimulator
		{3F130C85-E816-4B09-80F0-04CD43E22A2E}.Debug|iPhoneSimulator.Build.0 = Debug|iPhoneSimulator
		{3F130C85-E816-4B09-80F0-04CD43E22A2E}.Debug|x64.ActiveCfg = Debug|iPhoneSimulator
		{3F130C85-E816-4B09-80F0-04CD43E22A2E}.Debug|x86.ActiveCfg = Debug|iPhoneSimulator
		{3F130C85-E816-4B09-80F0-04CD43E22A2E}.Release|Any CPU.ActiveCfg = Release|iPhoneSimulator
		{3F130C85-E816-4B09-80F0-04CD43E22A2E}.Release|ARM.ActiveCfg = Release|iPhoneSimulator
		{3F130C85-E816-4B09-80F0-04CD43E22A2E}.Release|iPhone.ActiveCfg = Release|iPhone
		{3F130C85-E816-4B09-80F0-04CD43E22A2E}.Release|iPhone.Build.0 = Release|iPhone
		{3F130C85-E816-4B09-80F0-04CD43E22A2E}.Release|iPhoneSimulator.ActiveCfg = Release|iPhoneSimulator
		{3F130C85-E816-4B09-80F0-04CD43E22A2E}.Release|iPhoneSimulator.Build.0 = Release|iPhoneSimulator
		{3F130C85-E816-4B09-80F0-04CD43E22A2E}.Release|x64.ActiveCfg = Release|iPhoneSimulator
		{3F130C85-E816-4B09-80F0-04CD43E22A2E}.Release|x86.ActiveCfg = Release|iPhoneSimulator
		{2E631560-BC7E-4FAC-8E74-FEFCAD39F99D}.Ad-Hoc|Any CPU.ActiveCfg = Debug|ARM
		{2E631560-BC7E-4FAC-8E74-FEFCAD39F99D}.Ad-Hoc|Any CPU.Build.0 = Debug|ARM
		{2E631560-BC7E-4FAC-8E74-FEFCAD39F99D}.Ad-Hoc|Any CPU.Deploy.0 = Debug|ARM
		{2E631560-BC7E-4FAC-8E74-FEFCAD39F99D}.Ad-Hoc|ARM.ActiveCfg = Debug|ARM
		{2E631560-BC7E-4FAC-8E74-FEFCAD39F99D}.Ad-Hoc|ARM.Build.0 = Debug|ARM
		{2E631560-BC7E-4FAC-8E74-FEFCAD39F99D}.Ad-Hoc|ARM.Deploy.0 = Debug|ARM
		{2E631560-BC7E-4FAC-8E74-FEFCAD39F99D}.Ad-Hoc|iPhone.ActiveCfg = Debug|ARM
		{2E631560-BC7E-4FAC-8E74-FEFCAD39F99D}.Ad-Hoc|iPhone.Build.0 = Debug|ARM
		{2E631560-BC7E-4FAC-8E74-FEFCAD39F99D}.Ad-Hoc|iPhone.Deploy.0 = Debug|ARM
		{2E631560-BC7E-4FAC-8E74-FEFCAD39F99D}.Ad-Hoc|iPhoneSimulator.ActiveCfg = Debug|ARM
		{2E631560-BC7E-4FAC-8E74-FEFCAD39F99D}.Ad-Hoc|iPhoneSimulator.Build.0 = Debug|ARM
		{2E631560-BC7E-4FAC-8E74-FEFCAD39F99D}.Ad-Hoc|iPhoneSimulator.Deploy.0 = Debug|ARM
		{2E631560-BC7E-4FAC-8E74-FEFCAD39F99D}.Ad-Hoc|x64.ActiveCfg = Debug|x64
		{2E631560-BC7E-4FAC-8E74-FEFCAD39F99D}.Ad-Hoc|x64.Build.0 = Debug|x64
		{2E631560-BC7E-4FAC-8E74-FEFCAD39F99D}.Ad-Hoc|x64.Deploy.0 = Debug|x64
		{2E631560-BC7E-4FAC-8E74-FEFCAD39F99D}.Ad-Hoc|x86.ActiveCfg = Debug|x86
		{2E631560-BC7E-4FAC-8E74-FEFCAD39F99D}.Ad-Hoc|x86.Build.0 = Debug|x86
		{2E631560-BC7E-4FAC-8E74-FEFCAD39F99D}.Ad-Hoc|x86.Deploy.0 = Debug|x86
		{2E631560-BC7E-4FAC-8E74-FEFCAD39F99D}.AppStore|Any CPU.ActiveCfg = Debug|ARM
		{2E631560-BC7E-4FAC-8E74-FEFCAD39F99D}.AppStore|Any CPU.Build.0 = Debug|ARM
		{2E631560-BC7E-4FAC-8E74-FEFCAD39F99D}.AppStore|Any CPU.Deploy.0 = Debug|ARM
		{2E631560-BC7E-4FAC-8E74-FEFCAD39F99D}.AppStore|ARM.ActiveCfg = Debug|ARM
		{2E631560-BC7E-4FAC-8E74-FEFCAD39F99D}.AppStore|ARM.Build.0 = Debug|ARM
		{2E631560-BC7E-4FAC-8E74-FEFCAD39F99D}.AppStore|ARM.Deploy.0 = Debug|ARM
		{2E631560-BC7E-4FAC-8E74-FEFCAD39F99D}.AppStore|iPhone.ActiveCfg = Debug|ARM
		{2E631560-BC7E-4FAC-8E74-FEFCAD39F99D}.AppStore|iPhone.Build.0 = Debug|ARM
		{2E631560-BC7E-4FAC-8E74-FEFCAD39F99D}.AppStore|iPhone.Deploy.0 = Debug|ARM
		{2E631560-BC7E-4FAC-8E74-FEFCAD39F99D}.AppStore|iPhoneSimulator.ActiveCfg = Debug|ARM
		{2E631560-BC7E-4FAC-8E74-FEFCAD39F99D}.AppStore|iPhoneSimulator.Build.0 = Debug|ARM
		{2E631560-BC7E-4FAC-8E74-FEFCAD39F99D}.AppStore|iPhoneSimulator.Deploy.0 = Debug|ARM
		{2E631560-BC7E-4FAC-8E74-FEFCAD39F99D}.AppStore|x64.ActiveCfg = Debug|x64
		{2E631560-BC7E-4FAC-8E74-FEFCAD39F99D}.AppStore|x64.Build.0 = Debug|x64
		{2E631560-BC7E-4FAC-8E74-FEFCAD39F99D}.AppStore|x64.Deploy.0 = Debug|x64
		{2E631560-BC7E-4FAC-8E74-FEFCAD39F99D}.AppStore|x86.ActiveCfg = Debug|x86
		{2E631560-BC7E-4FAC-8E74-FEFCAD39F99D}.AppStore|x86.Build.0 = Debug|x86
		{2E631560-BC7E-4FAC-8E74-FEFCAD39F99D}.AppStore|x86.Deploy.0 = Debug|x86
		{2E631560-BC7E-4FAC-8E74-FEFCAD39F99D}.Debug|Any CPU.ActiveCfg = Debug|x86
		{2E631560-BC7E-4FAC-8E74-FEFCAD39F99D}.Debug|ARM.ActiveCfg = Debug|ARM
		{2E631560-BC7E-4FAC-8E74-FEFCAD39F99D}.Debug|ARM.Build.0 = Debug|ARM
		{2E631560-BC7E-4FAC-8E74-FEFCAD39F99D}.Debug|ARM.Deploy.0 = Debug|ARM
		{2E631560-BC7E-4FAC-8E74-FEFCAD39F99D}.Debug|iPhone.ActiveCfg = Debug|x86
		{2E631560-BC7E-4FAC-8E74-FEFCAD39F99D}.Debug|iPhoneSimulator.ActiveCfg = Debug|x86
		{2E631560-BC7E-4FAC-8E74-FEFCAD39F99D}.Debug|x64.ActiveCfg = Debug|x64
		{2E631560-BC7E-4FAC-8E74-FEFCAD39F99D}.Debug|x64.Build.0 = Debug|x64
		{2E631560-BC7E-4FAC-8E74-FEFCAD39F99D}.Debug|x64.Deploy.0 = Debug|x64
		{2E631560-BC7E-4FAC-8E74-FEFCAD39F99D}.Debug|x86.ActiveCfg = Debug|x86
		{2E631560-BC7E-4FAC-8E74-FEFCAD39F99D}.Debug|x86.Build.0 = Debug|x86
		{2E631560-BC7E-4FAC-8E74-FEFCAD39F99D}.Debug|x86.Deploy.0 = Debug|x86
		{2E631560-BC7E-4FAC-8E74-FEFCAD39F99D}.Release|Any CPU.ActiveCfg = Release|x86
		{2E631560-BC7E-4FAC-8E74-FEFCAD39F99D}.Release|ARM.ActiveCfg = Release|ARM
		{2E631560-BC7E-4FAC-8E74-FEFCAD39F99D}.Release|ARM.Build.0 = Release|ARM
		{2E631560-BC7E-4FAC-8E74-FEFCAD39F99D}.Release|ARM.Deploy.0 = Release|ARM
		{2E631560-BC7E-4FAC-8E74-FEFCAD39F99D}.Release|iPhone.ActiveCfg = Release|x86
		{2E631560-BC7E-4FAC-8E74-FEFCAD39F99D}.Release|iPhoneSimulator.ActiveCfg = Release|x86
		{2E631560-BC7E-4FAC-8E74-FEFCAD39F99D}.Release|x64.ActiveCfg = Release|x64
		{2E631560-BC7E-4FAC-8E74-FEFCAD39F99D}.Release|x64.Build.0 = Release|x64
		{2E631560-BC7E-4FAC-8E74-FEFCAD39F99D}.Release|x64.Deploy.0 = Release|x64
		{2E631560-BC7E-4FAC-8E74-FEFCAD39F99D}.Release|x86.ActiveCfg = Release|x86
		{2E631560-BC7E-4FAC-8E74-FEFCAD39F99D}.Release|x86.Build.0 = Release|x86
		{2E631560-BC7E-4FAC-8E74-FEFCAD39F99D}.Release|x86.Deploy.0 = Release|x86
	EndGlobalSection
	GlobalSection(SolutionProperties) = preSolution
		HideSolutionNode = FALSE
	EndGlobalSection
	GlobalSection(ExtensibilityGlobals) = postSolution
		SolutionGuid = {320A1769-5024-4F41-A1B0-FAD8079524D6}
	EndGlobalSection
EndGlobal
